
Microsoft Visual Studio Solution File, Format Version 12.00
# Visual Studio Version 17
VisualStudioVersion = 17.8.34330.188
MinimumVisualStudioVersion = 10.0.40219.1
Project("{9A19103F-16F7-4668-BE54-9A1E7A4F7556}") = "UI", "UI\UI.csproj", "{E1CF46BC-501C-454D-9600-AECFE62895D2}"
EndProject
Project("{9A19103F-16F7-4668-BE54-9A1E7A4F7556}") = "Entities", "Entities\Entities.csproj", "{3D261B98-DFB2-41AE-B784-0FAF9082FD3E}"
EndProject
Project("{9A19103F-16F7-4668-BE54-9A1E7A4F7556}") = "DAL", "DAL\DAL.csproj", "{E16A7173-6A73-488A-99B3-E94A150DB43C}"
EndProject
Project("{9A19103F-16F7-4668-BE54-9A1E7A4F7556}") = "BL", "BL\BL.csproj", "{2D02B8D4-265E-46B5-92CB-8590C45452EA}"
EndProject
Project("{2150E333-8FDC-42A3-9474-1A3956D46DE8}") = "Text", "Text", "{E96D0E26-41D0-4038-9190-938011ADD74D}"
	ProjectSection(SolutionItems) = preProject
		MiTexto.txt = MiTexto.txt
	EndProjectSection
EndProject
Project("{9A19103F-16F7-4668-BE54-9A1E7A4F7556}") = "UI-MAUI", "UI-MAUI\UI-MAUI.csproj", "{4F6D2963-9DBF-4653-B3D8-187727924EF8}"
EndProject
Project("{9A19103F-16F7-4668-BE54-9A1E7A4F7556}") = "AAA-UI-MAUI-T9-EJS", "AAA-UI-MAUI-T9-EJS\AAA-UI-MAUI-T9-EJS.csproj", "{99D15D33-E01B-4257-A81F-9328172D86F5}"
EndProject
Project("{9A19103F-16F7-4668-BE54-9A1E7A4F7556}") = "AAA-UI-MAUI-T10-CALCULADORA", "AAA-UI-MAUI-T10-CALCULADORA\AAA-UI-MAUI-T10-CALCULADORA.csproj", "{462AA4AC-ABDA-4420-BBC7-E74462AF7237}"
EndProject
Project("{9A19103F-16F7-4668-BE54-9A1E7A4F7556}") = "AMAUI-T10-CALC", "AMAUI-T10-CALC\AMAUI-T10-CALC.csproj", "{D55DBB24-3C19-457D-BB42-B5B8BB58140A}"
EndProject
Project("{9A19103F-16F7-4668-BE54-9A1E7A4F7556}") = "AAA-UI-MAUI-BUSCA", "AAA-UI-MAUI-BUSCA\AAA-UI-MAUI-BUSCA.csproj", "{A70E6979-91C1-4BA3-B88B-89017FB5C35E}"
EndProject
Project("{9A19103F-16F7-4668-BE54-9A1E7A4F7556}") = "AAA-UI-MAUI-EJ2", "AAA-UI-MAUI-EJ2\AAA-UI-MAUI-EJ2.csproj", "{491F10DD-078A-4617-8AB7-B70F337DB00C}"
EndProject
Project("{9A19103F-16F7-4668-BE54-9A1E7A4F7556}") = "AAA-UI-MAUI-EJ3", "AAA-UI-MAUI-EJ3\AAA-UI-MAUI-EJ3.csproj", "{536687E8-6A3D-401F-8175-167EC0A141CD}"
EndProject
Project("{9A19103F-16F7-4668-BE54-9A1E7A4F7556}") = "ZZZ-CRUD-MAUI", "ZZZ-CRUD-MAUI\ZZZ-CRUD-MAUI.csproj", "{47247D5E-C472-4978-81A8-FDE8050CE658}"
EndProject
Project("{FAE04EC0-301F-11D3-BF4B-00C04F79EFBC}") = "UI-B", "UI-B\UI-B.csproj", "{33ED6B62-A2AC-4AFD-B430-9E696025ED1B}"
EndProject
Global
	GlobalSection(SolutionConfigurationPlatforms) = preSolution
		Debug|Any CPU = Debug|Any CPU
		Release|Any CPU = Release|Any CPU
	EndGlobalSection
	GlobalSection(ProjectConfigurationPlatforms) = postSolution
		{E1CF46BC-501C-454D-9600-AECFE62895D2}.Debug|Any CPU.ActiveCfg = Debug|Any CPU
		{E1CF46BC-501C-454D-9600-AECFE62895D2}.Debug|Any CPU.Build.0 = Debug|Any CPU
		{E1CF46BC-501C-454D-9600-AECFE62895D2}.Release|Any CPU.ActiveCfg = Release|Any CPU
		{E1CF46BC-501C-454D-9600-AECFE62895D2}.Release|Any CPU.Build.0 = Release|Any CPU
		{3D261B98-DFB2-41AE-B784-0FAF9082FD3E}.Debug|Any CPU.ActiveCfg = Debug|Any CPU
		{3D261B98-DFB2-41AE-B784-0FAF9082FD3E}.Debug|Any CPU.Build.0 = Debug|Any CPU
		{3D261B98-DFB2-41AE-B784-0FAF9082FD3E}.Release|Any CPU.ActiveCfg = Release|Any CPU
		{3D261B98-DFB2-41AE-B784-0FAF9082FD3E}.Release|Any CPU.Build.0 = Release|Any CPU
		{E16A7173-6A73-488A-99B3-E94A150DB43C}.Debug|Any CPU.ActiveCfg = Debug|Any CPU
		{E16A7173-6A73-488A-99B3-E94A150DB43C}.Debug|Any CPU.Build.0 = Debug|Any CPU
		{E16A7173-6A73-488A-99B3-E94A150DB43C}.Release|Any CPU.ActiveCfg = Release|Any CPU
		{E16A7173-6A73-488A-99B3-E94A150DB43C}.Release|Any CPU.Build.0 = Release|Any CPU
		{2D02B8D4-265E-46B5-92CB-8590C45452EA}.Debug|Any CPU.ActiveCfg = Debug|Any CPU
		{2D02B8D4-265E-46B5-92CB-8590C45452EA}.Debug|Any CPU.Build.0 = Debug|Any CPU
		{2D02B8D4-265E-46B5-92CB-8590C45452EA}.Release|Any CPU.ActiveCfg = Release|Any CPU
		{2D02B8D4-265E-46B5-92CB-8590C45452EA}.Release|Any CPU.Build.0 = Release|Any CPU
		{4F6D2963-9DBF-4653-B3D8-187727924EF8}.Debug|Any CPU.ActiveCfg = Debug|Any CPU
		{4F6D2963-9DBF-4653-B3D8-187727924EF8}.Debug|Any CPU.Build.0 = Debug|Any CPU
		{4F6D2963-9DBF-4653-B3D8-187727924EF8}.Debug|Any CPU.Deploy.0 = Debug|Any CPU
		{4F6D2963-9DBF-4653-B3D8-187727924EF8}.Release|Any CPU.ActiveCfg = Release|Any CPU
		{4F6D2963-9DBF-4653-B3D8-187727924EF8}.Release|Any CPU.Build.0 = Release|Any CPU
		{4F6D2963-9DBF-4653-B3D8-187727924EF8}.Release|Any CPU.Deploy.0 = Release|Any CPU
		{99D15D33-E01B-4257-A81F-9328172D86F5}.Debug|Any CPU.ActiveCfg = Debug|Any CPU
		{99D15D33-E01B-4257-A81F-9328172D86F5}.Debug|Any CPU.Build.0 = Debug|Any CPU
		{99D15D33-E01B-4257-A81F-9328172D86F5}.Debug|Any CPU.Deploy.0 = Debug|Any CPU
		{99D15D33-E01B-4257-A81F-9328172D86F5}.Release|Any CPU.ActiveCfg = Release|Any CPU
		{99D15D33-E01B-4257-A81F-9328172D86F5}.Release|Any CPU.Build.0 = Release|Any CPU
		{99D15D33-E01B-4257-A81F-9328172D86F5}.Release|Any CPU.Deploy.0 = Release|Any CPU
		{462AA4AC-ABDA-4420-BBC7-E74462AF7237}.Debug|Any CPU.ActiveCfg = Debug|Any CPU
		{462AA4AC-ABDA-4420-BBC7-E74462AF7237}.Debug|Any CPU.Build.0 = Debug|Any CPU
		{462AA4AC-ABDA-4420-BBC7-E74462AF7237}.Debug|Any CPU.Deploy.0 = Debug|Any CPU
		{462AA4AC-ABDA-4420-BBC7-E74462AF7237}.Release|Any CPU.ActiveCfg = Release|Any CPU
		{462AA4AC-ABDA-4420-BBC7-E74462AF7237}.Release|Any CPU.Build.0 = Release|Any CPU
		{462AA4AC-ABDA-4420-BBC7-E74462AF7237}.Release|Any CPU.Deploy.0 = Release|Any CPU
		{D55DBB24-3C19-457D-BB42-B5B8BB58140A}.Debug|Any CPU.ActiveCfg = Debug|Any CPU
		{D55DBB24-3C19-457D-BB42-B5B8BB58140A}.Debug|Any CPU.Build.0 = Debug|Any CPU
		{D55DBB24-3C19-457D-BB42-B5B8BB58140A}.Debug|Any CPU.Deploy.0 = Debug|Any CPU
		{D55DBB24-3C19-457D-BB42-B5B8BB58140A}.Release|Any CPU.ActiveCfg = Release|Any CPU
		{D55DBB24-3C19-457D-BB42-B5B8BB58140A}.Release|Any CPU.Build.0 = Release|Any CPU
		{D55DBB24-3C19-457D-BB42-B5B8BB58140A}.Release|Any CPU.Deploy.0 = Release|Any CPU
		{A70E6979-91C1-4BA3-B88B-89017FB5C35E}.Debug|Any CPU.ActiveCfg = Debug|Any CPU
		{A70E6979-91C1-4BA3-B88B-89017FB5C35E}.Debug|Any CPU.Build.0 = Debug|Any CPU
		{A70E6979-91C1-4BA3-B88B-89017FB5C35E}.Debug|Any CPU.Deploy.0 = Debug|Any CPU
		{A70E6979-91C1-4BA3-B88B-89017FB5C35E}.Release|Any CPU.ActiveCfg = Release|Any CPU
		{A70E6979-91C1-4BA3-B88B-89017FB5C35E}.Release|Any CPU.Build.0 = Release|Any CPU
		{A70E6979-91C1-4BA3-B88B-89017FB5C35E}.Release|Any CPU.Deploy.0 = Release|Any CPU
		{491F10DD-078A-4617-8AB7-B70F337DB00C}.Debug|Any CPU.ActiveCfg = Debug|Any CPU
		{491F10DD-078A-4617-8AB7-B70F337DB00C}.Debug|Any CPU.Build.0 = Debug|Any CPU
		{491F10DD-078A-4617-8AB7-B70F337DB00C}.Debug|Any CPU.Deploy.0 = Debug|Any CPU
		{491F10DD-078A-4617-8AB7-B70F337DB00C}.Release|Any CPU.ActiveCfg = Release|Any CPU
		{491F10DD-078A-4617-8AB7-B70F337DB00C}.Release|Any CPU.Build.0 = Release|Any CPU
		{491F10DD-078A-4617-8AB7-B70F337DB00C}.Release|Any CPU.Deploy.0 = Release|Any CPU
		{536687E8-6A3D-401F-8175-167EC0A141CD}.Debug|Any CPU.ActiveCfg = Debug|Any CPU
		{536687E8-6A3D-401F-8175-167EC0A141CD}.Debug|Any CPU.Build.0 = Debug|Any CPU
		{536687E8-6A3D-401F-8175-167EC0A141CD}.Debug|Any CPU.Deploy.0 = Debug|Any CPU
		{536687E8-6A3D-401F-8175-167EC0A141CD}.Release|Any CPU.ActiveCfg = Release|Any CPU
		{536687E8-6A3D-401F-8175-167EC0A141CD}.Release|Any CPU.Build.0 = Release|Any CPU
		{536687E8-6A3D-401F-8175-167EC0A141CD}.Release|Any CPU.Deploy.0 = Release|Any CPU
		{47247D5E-C472-4978-81A8-FDE8050CE658}.Debug|Any CPU.ActiveCfg = Debug|Any CPU
		{47247D5E-C472-4978-81A8-FDE8050CE658}.Debug|Any CPU.Build.0 = Debug|Any CPU
		{47247D5E-C472-4978-81A8-FDE8050CE658}.Debug|Any CPU.Deploy.0 = Debug|Any CPU
		{47247D5E-C472-4978-81A8-FDE8050CE658}.Release|Any CPU.ActiveCfg = Release|Any CPU
		{47247D5E-C472-4978-81A8-FDE8050CE658}.Release|Any CPU.Build.0 = Release|Any CPU
		{47247D5E-C472-4978-81A8-FDE8050CE658}.Release|Any CPU.Deploy.0 = Release|Any CPU
		{33ED6B62-A2AC-4AFD-B430-9E696025ED1B}.Debug|Any CPU.ActiveCfg = Debug|Any CPU
		{33ED6B62-A2AC-4AFD-B430-9E696025ED1B}.Debug|Any CPU.Build.0 = Debug|Any CPU
		{33ED6B62-A2AC-4AFD-B430-9E696025ED1B}.Debug|Any CPU.Deploy.0 = Debug|Any CPU
		{33ED6B62-A2AC-4AFD-B430-9E696025ED1B}.Release|Any CPU.ActiveCfg = Release|Any CPU
		{33ED6B62-A2AC-4AFD-B430-9E696025ED1B}.Release|Any CPU.Build.0 = Release|Any CPU
		{33ED6B62-A2AC-4AFD-B430-9E696025ED1B}.Release|Any CPU.Deploy.0 = Release|Any CPU
	EndGlobalSection
	GlobalSection(SolutionProperties) = preSolution
		HideSolutionNode = FALSE
	EndGlobalSection
	GlobalSection(ExtensibilityGlobals) = postSolution
		SolutionGuid = {99D6CB43-AEC5-42D7-B9C9-3FD29FFE52E4}
	EndGlobalSection
EndGlobal
