
Microsoft Visual Studio Solution File, Format Version 12.00
# Visual Studio Version 17
VisualStudioVersion = 17.8.34330.188
MinimumVisualStudioVersion = 10.0.40219.1
Project("{9A19103F-16F7-4668-BE54-9A1E7A4F7556}") = "UI", "UI\UI.csproj", "{E1CF46BC-501C-454D-9600-AECFE62895D2}"
EndProject
Project("{9A19103F-16F7-4668-BE54-9A1E7A4F7556}") = "Entities", "Entities\Entities.csproj", "{3D261B98-DFB2-41AE-B784-0FAF9082FD3E}"
EndProject
Project("{9A19103F-16F7-4668-BE54-9A1E7A4F7556}") = "DAL", "DAL\DAL.csproj", "{E16A7173-6A73-488A-99B3-E94A150DB43C}"
EndProject
Project("{9A19103F-16F7-4668-BE54-9A1E7A4F7556}") = "BL", "BL\BL.csproj", "{2D02B8D4-265E-46B5-92CB-8590C45452EA}"
EndProject
Project("{2150E333-8FDC-42A3-9474-1A3956D46DE8}") = "Text", "Text", "{E96D0E26-41D0-4038-9190-938011ADD74D}"
	ProjectSection(SolutionItems) = preProject
		MiTexto.txt = MiTexto.txt
	EndProjectSection
EndProject
Global
	GlobalSection(SolutionConfigurationPlatforms) = preSolution
		Debug|Any CPU = Debug|Any CPU
		Release|Any CPU = Release|Any CPU
	EndGlobalSection
	GlobalSection(ProjectConfigurationPlatforms) = postSolution
		{E1CF46BC-501C-454D-9600-AECFE62895D2}.Debug|Any CPU.ActiveCfg = Debug|Any CPU
		{E1CF46BC-501C-454D-9600-AECFE62895D2}.Debug|Any CPU.Build.0 = Debug|Any CPU
		{E1CF46BC-501C-454D-9600-AECFE62895D2}.Release|Any CPU.ActiveCfg = Release|Any CPU
		{E1CF46BC-501C-454D-9600-AECFE62895D2}.Release|Any CPU.Build.0 = Release|Any CPU
		{3D261B98-DFB2-41AE-B784-0FAF9082FD3E}.Debug|Any CPU.ActiveCfg = Debug|Any CPU
		{3D261B98-DFB2-41AE-B784-0FAF9082FD3E}.Debug|Any CPU.Build.0 = Debug|Any CPU
		{3D261B98-DFB2-41AE-B784-0FAF9082FD3E}.Release|Any CPU.ActiveCfg = Release|Any CPU
		{3D261B98-DFB2-41AE-B784-0FAF9082FD3E}.Release|Any CPU.Build.0 = Release|Any CPU
		{E16A7173-6A73-488A-99B3-E94A150DB43C}.Debug|Any CPU.ActiveCfg = Debug|Any CPU
		{E16A7173-6A73-488A-99B3-E94A150DB43C}.Debug|Any CPU.Build.0 = Debug|Any CPU
		{E16A7173-6A73-488A-99B3-E94A150DB43C}.Release|Any CPU.ActiveCfg = Release|Any CPU
		{E16A7173-6A73-488A-99B3-E94A150DB43C}.Release|Any CPU.Build.0 = Release|Any CPU
		{2D02B8D4-265E-46B5-92CB-8590C45452EA}.Debug|Any CPU.ActiveCfg = Debug|Any CPU
		{2D02B8D4-265E-46B5-92CB-8590C45452EA}.Debug|Any CPU.Build.0 = Debug|Any CPU
		{2D02B8D4-265E-46B5-92CB-8590C45452EA}.Release|Any CPU.ActiveCfg = Release|Any CPU
		{2D02B8D4-265E-46B5-92CB-8590C45452EA}.Release|Any CPU.Build.0 = Release|Any CPU
	EndGlobalSection
	GlobalSection(SolutionProperties) = preSolution
		HideSolutionNode = FALSE
	EndGlobalSection
	GlobalSection(ExtensibilityGlobals) = postSolution
		SolutionGuid = {99D6CB43-AEC5-42D7-B9C9-3FD29FFE52E4}
	EndGlobalSection
EndGlobal
